
Microsoft Visual Studio Solution File, Format Version 12.00
# Visual Studio Version 17
VisualStudioVersion = 17.9.34407.89
MinimumVisualStudioVersion = 10.0.40219.1
Project("{9A19103F-16F7-4668-BE54-9A1E7A4F7556}") = "UltimateRemote", "UltimateRemote.csproj", "{9116318E-AB88-4CCE-BA69-EA5466AA1FE9}"
EndProject
Global
	GlobalSection(SolutionConfigurationPlatforms) = preSolution
		Debug|Any CPU = Debug|Any CPU
		Release|Any CPU = Release|Any CPU
	EndGlobalSection
	GlobalSection(ProjectConfigurationPlatforms) = postSolution
		{9116318E-AB88-4CCE-BA69-EA5466AA1FE9}.Debug|Any CPU.ActiveCfg = Debug|Any CPU
		{9116318E-AB88-4CCE-BA69-EA5466AA1FE9}.Debug|Any CPU.Build.0 = Debug|Any CPU
		{9116318E-AB88-4CCE-BA69-EA5466AA1FE9}.Debug|Any CPU.Deploy.0 = Debug|Any CPU
		{9116318E-AB88-4CCE-BA69-EA5466AA1FE9}.Release|Any CPU.ActiveCfg = Release|Any CPU
		{9116318E-AB88-4CCE-BA69-EA5466AA1FE9}.Release|Any CPU.Build.0 = Release|Any CPU
		{9116318E-AB88-4CCE-BA69-EA5466AA1FE9}.Release|Any CPU.Deploy.0 = Release|Any CPU
	EndGlobalSection
	GlobalSection(SolutionProperties) = preSolution
		HideSolutionNode = FALSE
	EndGlobalSection
	GlobalSection(ExtensibilityGlobals) = postSolution
		SolutionGuid = {8FCDE238-8F8F-4670-8AB4-C1BEEC5C9D82}
	EndGlobalSection
EndGlobal
